
Microsoft Visual Studio Solution File, Format Version 12.00
# Visual Studio Version 17
VisualStudioVersion = 17.6.33829.357
MinimumVisualStudioVersion = 10.0.40219.1
Project("{FAE04EC0-301F-11D3-BF4B-00C04F79EFBC}") = "WebAPiProject", "WebAPiProject\WebAPiProject.csproj", "{B415FDB8-4322-4A91-81AE-9A6B3A97D098}"
EndProject
Global
	GlobalSection(SolutionConfigurationPlatforms) = preSolution
		Debug|Any CPU = Debug|Any CPU
		Release|Any CPU = Release|Any CPU
	EndGlobalSection
	GlobalSection(ProjectConfigurationPlatforms) = postSolution
		{B415FDB8-4322-4A91-81AE-9A6B3A97D098}.Debug|Any CPU.ActiveCfg = Debug|Any CPU
		{B415FDB8-4322-4A91-81AE-9A6B3A97D098}.Debug|Any CPU.Build.0 = Debug|Any CPU
		{B415FDB8-4322-4A91-81AE-9A6B3A97D098}.Release|Any CPU.ActiveCfg = Release|Any CPU
		{B415FDB8-4322-4A91-81AE-9A6B3A97D098}.Release|Any CPU.Build.0 = Release|Any CPU
	EndGlobalSection
	GlobalSection(SolutionProperties) = preSolution
		HideSolutionNode = FALSE
	EndGlobalSection
	GlobalSection(ExtensibilityGlobals) = postSolution
		SolutionGuid = {2E7C382D-ED3E-4F59-A32E-3950BA5906F8}
	EndGlobalSection
EndGlobal
